
Microsoft Visual Studio Solution File, Format Version 12.00
# Visual Studio Version 16
VisualStudioVersion = 16.0.31205.134
MinimumVisualStudioVersion = 10.0.40219.1
Project("{FAE04EC0-301F-11D3-BF4B-00C04F79EFBC}") = "ChatServer", "ChatServer\ChatServer.csproj", "{7EF2E6F2-C651-4851-9DEB-8EAEE51FA29B}"
EndProject
Global
	GlobalSection(SolutionConfigurationPlatforms) = preSolution
		Debug|Any CPU = Debug|Any CPU
		Release|Any CPU = Release|Any CPU
	EndGlobalSection
	GlobalSection(ProjectConfigurationPlatforms) = postSolution
		{7EF2E6F2-C651-4851-9DEB-8EAEE51FA29B}.Debug|Any CPU.ActiveCfg = Debug|Any CPU
		{7EF2E6F2-C651-4851-9DEB-8EAEE51FA29B}.Debug|Any CPU.Build.0 = Debug|Any CPU
		{7EF2E6F2-C651-4851-9DEB-8EAEE51FA29B}.Release|Any CPU.ActiveCfg = Release|Any CPU
		{7EF2E6F2-C651-4851-9DEB-8EAEE51FA29B}.Release|Any CPU.Build.0 = Release|Any CPU
	EndGlobalSection
	GlobalSection(SolutionProperties) = preSolution
		HideSolutionNode = FALSE
	EndGlobalSection
	GlobalSection(ExtensibilityGlobals) = postSolution
		SolutionGuid = {E3D9D748-0F40-46D1-8655-07286ACF9411}
	EndGlobalSection
EndGlobal
